
Microsoft Visual Studio Solution File, Format Version 12.00
# Visual Studio 2012
Project("{8BC9CEB8-8B4A-11D0-8D11-00A0C91BC942}") = "base", "base\base.vcxproj", "{D796E2DF-237A-4FE3-9C49-D177CFEBAA7F}"
EndProject
Project("{8BC9CEB8-8B4A-11D0-8D11-00A0C91BC942}") = "app", "app\app.vcxproj", "{8F6BD0E3-4C45-4713-97C5-2972DFDFC097}"
EndProject
Project("{8BC9CEB8-8B4A-11D0-8D11-00A0C91BC942}") = "proto", "proto\proto.vcxproj", "{F3ECC8F3-9A84-41F9-8D5D-2EF11506F453}"
EndProject
Global
	GlobalSection(SolutionConfigurationPlatforms) = preSolution
		Debug|Win32 = Debug|Win32
		Release|Win32 = Release|Win32
	EndGlobalSection
	GlobalSection(ProjectConfigurationPlatforms) = postSolution
		{D796E2DF-237A-4FE3-9C49-D177CFEBAA7F}.Debug|Win32.ActiveCfg = Debug|Win32
		{D796E2DF-237A-4FE3-9C49-D177CFEBAA7F}.Debug|Win32.Build.0 = Debug|Win32
		{D796E2DF-237A-4FE3-9C49-D177CFEBAA7F}.Release|Win32.ActiveCfg = Release|Win32
		{D796E2DF-237A-4FE3-9C49-D177CFEBAA7F}.Release|Win32.Build.0 = Release|Win32
		{8F6BD0E3-4C45-4713-97C5-2972DFDFC097}.Debug|Win32.ActiveCfg = Debug|Win32
		{8F6BD0E3-4C45-4713-97C5-2972DFDFC097}.Debug|Win32.Build.0 = Debug|Win32
		{8F6BD0E3-4C45-4713-97C5-2972DFDFC097}.Release|Win32.ActiveCfg = Release|Win32
		{8F6BD0E3-4C45-4713-97C5-2972DFDFC097}.Release|Win32.Build.0 = Release|Win32
		{F3ECC8F3-9A84-41F9-8D5D-2EF11506F453}.Debug|Win32.ActiveCfg = Debug|Win32
		{F3ECC8F3-9A84-41F9-8D5D-2EF11506F453}.Debug|Win32.Build.0 = Debug|Win32
		{F3ECC8F3-9A84-41F9-8D5D-2EF11506F453}.Release|Win32.ActiveCfg = Release|Win32
		{F3ECC8F3-9A84-41F9-8D5D-2EF11506F453}.Release|Win32.Build.0 = Release|Win32
	EndGlobalSection
	GlobalSection(SolutionProperties) = preSolution
		HideSolutionNode = FALSE
	EndGlobalSection
EndGlobal
