<?xml version="1.0" encoding="utf-8"?>
<Project ToolsVersion="4.0" xmlns="http://schemas.microsoft.com/developer/msbuild/2003">
  <ItemGroup>
    <Filter Include="memory">
      <UniqueIdentifier>{5a001088-2dc6-4357-b227-5208b13f6e3b}</UniqueIdentifier>
    </Filter>
    <Filter Include="logger">
      <UniqueIdentifier>{c1dabbd6-cfc0-4fc0-8cdc-a94f6e5fbea0}</UniqueIdentifier>
    </Filter>
  </ItemGroup>
  <ItemGroup>
    <ClInclude Include="..\..\..\base\memory\mempool.hpp">
      <Filter>memory</Filter>
    </ClInclude>
    <ClInclude Include="..\..\..\base\memory\memalloc.hpp">
      <Filter>memory</Filter>
    </ClInclude>
    <ClInclude Include="..\..\..\base\logger\logger.hpp">
      <Filter>logger</Filter>
    </ClInclude>
  </ItemGroup>
  <ItemGroup>
    <ClCompile Include="..\..\..\base\memory\mempool.cpp">
      <Filter>memory</Filter>
    </ClCompile>
    <ClCompile Include="..\..\..\base\logger\logger.cpp">
      <Filter>logger</Filter>
    </ClCompile>
  </ItemGroup>
</Project>